
Microsoft Visual Studio Solution File, Format Version 12.00
# Visual Studio 14
VisualStudioVersion = 14.0.25123.0
MinimumVisualStudioVersion = 10.0.40219.1
Project("{FAE04EC0-301F-11D3-BF4B-00C04F79EFBC}") = "BO2 Menu Base (1.19) [By Shadow]", "BO2 Menu Base (1.19) [By Shadow]\BO2 Menu Base (1.19) [By Shadow].csproj", "{D0037CC2-B84D-4FEB-AE8C-51C4E5830F1C}"
EndProject
Global
	GlobalSection(SolutionConfigurationPlatforms) = preSolution
		Debug|Any CPU = Debug|Any CPU
		Release|Any CPU = Release|Any CPU
	EndGlobalSection
	GlobalSection(ProjectConfigurationPlatforms) = postSolution
		{D0037CC2-B84D-4FEB-AE8C-51C4E5830F1C}.Debug|Any CPU.ActiveCfg = Debug|Any CPU
		{D0037CC2-B84D-4FEB-AE8C-51C4E5830F1C}.Debug|Any CPU.Build.0 = Debug|Any CPU
		{D0037CC2-B84D-4FEB-AE8C-51C4E5830F1C}.Release|Any CPU.ActiveCfg = Release|Any CPU
		{D0037CC2-B84D-4FEB-AE8C-51C4E5830F1C}.Release|Any CPU.Build.0 = Release|Any CPU
	EndGlobalSection
	GlobalSection(SolutionProperties) = preSolution
		HideSolutionNode = FALSE
	EndGlobalSection
EndGlobal
